
Microsoft Visual Studio Solution File, Format Version 12.00
# Visual Studio Version 17
VisualStudioVersion = 17.6.33815.320
MinimumVisualStudioVersion = 10.0.40219.1
Project("{FAE04EC0-301F-11D3-BF4B-00C04F79EFBC}") = "GitTest", "GitTest\GitTest.csproj", "{35E972DA-0561-4EC5-9E52-B3B4F542C70D}"
EndProject
Global
	GlobalSection(SolutionConfigurationPlatforms) = preSolution
		Debug|Any CPU = Debug|Any CPU
		Release|Any CPU = Release|Any CPU
	EndGlobalSection
	GlobalSection(ProjectConfigurationPlatforms) = postSolution
		{35E972DA-0561-4EC5-9E52-B3B4F542C70D}.Debug|Any CPU.ActiveCfg = Debug|Any CPU
		{35E972DA-0561-4EC5-9E52-B3B4F542C70D}.Debug|Any CPU.Build.0 = Debug|Any CPU
		{35E972DA-0561-4EC5-9E52-B3B4F542C70D}.Release|Any CPU.ActiveCfg = Release|Any CPU
		{35E972DA-0561-4EC5-9E52-B3B4F542C70D}.Release|Any CPU.Build.0 = Release|Any CPU
	EndGlobalSection
	GlobalSection(SolutionProperties) = preSolution
		HideSolutionNode = FALSE
	EndGlobalSection
	GlobalSection(ExtensibilityGlobals) = postSolution
		SolutionGuid = {D28608C3-3709-4709-9704-3ACF83EA2322}
	EndGlobalSection
EndGlobal
